// !$*UTF8*$!
{
	archiveVersion = 1;
	classes = {
	};
	objectVersion = 56;
	objects = {

/* Begin PBXBuildFile section */
		3E1830E12BA2CFBE00693291 /* I_CatchApp.swift in Sources */ = {isa = PBXBuildFile; fileRef = 3E1830E02BA2CFBE00693291 /* I_CatchApp.swift */; };
		3E1830E32BA2CFBE00693291 /* ContentView.swift in Sources */ = {isa = PBXBuildFile; fileRef = 3E1830E22BA2CFBE00693291 /* ContentView.swift */; };
		3E1830E52BA2CFC200693291 /* Assets.xcassets in Resources */ = {isa = PBXBuildFile; fileRef = 3E1830E42BA2CFC200693291 /* Assets.xcassets */; };
		3E1830E82BA2CFC200693291 /* Preview Assets.xcassets in Resources */ = {isa = PBXBuildFile; fileRef = 3E1830E72BA2CFC200693291 /* Preview Assets.xcassets */; };
		3E1830F22BA2CFC200693291 /* I_CatchTests.swift in Sources */ = {isa = PBXBuildFile; fileRef = 3E1830F12BA2CFC200693291 /* I_CatchTests.swift */; };
		3E1830FC2BA2CFC200693291 /* I_CatchUITests.swift in Sources */ = {isa = PBXBuildFile; fileRef = 3E1830FB2BA2CFC200693291 /* I_CatchUITests.swift */; };
		3E1830FE2BA2CFC200693291 /* I_CatchUITestsLaunchTests.swift in Sources */ = {isa = PBXBuildFile; fileRef = 3E1830FD2BA2CFC200693291 /* I_CatchUITestsLaunchTests.swift */; };
/* End PBXBuildFile section */

/* Begin PBXContainerItemProxy section */
		3E1830EE2BA2CFC200693291 /* PBXContainerItemProxy */ = {
			isa = PBXContainerItemProxy;
			containerPortal = 3E1830D52BA2CFBE00693291 /* Project object */;
			proxyType = 1;
			remoteGlobalIDString = 3E1830DC2BA2CFBE00693291;
			remoteInfo = "I-Catch";
		};
		3E1830F82BA2CFC200693291 /* PBXContainerItemProxy */ = {
			isa = PBXContainerItemProxy;
			containerPortal = 3E1830D52BA2CFBE00693291 /* Project object */;
			proxyType = 1;
			remoteGlobalIDString = 3E1830DC2BA2CFBE00693291;
			remoteInfo = "I-Catch";
		};
/* End PBXContainerItemProxy section */

/* Begin PBXFileReference section */
		3E1830DD2BA2CFBE00693291 /* I-Catch.app */ = {isa = PBXFileReference; explicitFileType = wrapper.application; includeInIndex = 0; path = "I-Catch.app"; sourceTree = BUILT_PRODUCTS_DIR; };
		3E1830E02BA2CFBE00693291 /* I_CatchApp.swift */ = {isa = PBXFileReference; lastKnownFileType = sourcecode.swift; path = I_CatchApp.swift; sourceTree = "<group>"; };
		3E1830E22BA2CFBE00693291 /* ContentView.swift */ = {isa = PBXFileReference; lastKnownFileType = sourcecode.swift; path = ContentView.swift; sourceTree = "<group>"; };
		3E1830E42BA2CFC200693291 /* Assets.xcassets */ = {isa = PBXFileReference; lastKnownFileType = folder.assetcatalog; path = Assets.xcassets; sourceTree = "<group>"; };
		3E1830E72BA2CFC200693291 /* Preview Assets.xcassets */ = {isa = PBXFileReference; lastKnownFileType = folder.assetcatalog; path = "Preview Assets.xcassets"; sourceTree = "<group>"; };
		3E1830ED2BA2CFC200693291 /* I-CatchTests.xctest */ = {isa = PBXFileReference; explicitFileType = wrapper.cfbundle; includeInIndex = 0; path = "I-CatchTests.xctest"; sourceTree = BUILT_PRODUCTS_DIR; };
		3E1830F12BA2CFC200693291 /* I_CatchTests.swift */ = {isa = PBXFileReference; lastKnownFileType = sourcecode.swift; path = I_CatchTests.swift; sourceTree = "<group>"; };
		3E1830F72BA2CFC200693291 /* I-CatchUITests.xctest */ = {isa = PBXFileReference; explicitFileType = wrapper.cfbundle; includeInIndex = 0; path = "I-CatchUITests.xctest"; sourceTree = BUILT_PRODUCTS_DIR; };
		3E1830FB2BA2CFC200693291 /* I_CatchUITests.swift */ = {isa = PBXFileReference; lastKnownFileType = sourcecode.swift; path = I_CatchUITests.swift; sourceTree = "<group>"; };
		3E1830FD2BA2CFC200693291 /* I_CatchUITestsLaunchTests.swift */ = {isa = PBXFileReference; lastKnownFileType = sourcecode.swift; path = I_CatchUITestsLaunchTests.swift; sourceTree = "<group>"; };
/* End PBXFileReference section */

/* Begin PBXFrameworksBuildPhase section */
		3E1830DA2BA2CFBE00693291 /* Frameworks */ = {
			isa = PBXFrameworksBuildPhase;
			buildActionMask = 2147483647;
			files = (
			);
			runOnlyForDeploymentPostprocessing = 0;
		};
		3E1830EA2BA2CFC200693291 /* Frameworks */ = {
			isa = PBXFrameworksBuildPhase;
			buildActionMask = 2147483647;
			files = (
			);
			runOnlyForDeploymentPostprocessing = 0;
		};
		3E1830F42BA2CFC200693291 /* Frameworks */ = {
			isa = PBXFrameworksBuildPhase;
			buildActionMask = 2147483647;
			files = (
			);
			runOnlyForDeploymentPostprocessing = 0;
		};
/* End PBXFrameworksBuildPhase section */

/* Begin PBXGroup section */
		3E1830D42BA2CFBE00693291 = {
			isa = PBXGroup;
			children = (
				3E1830DF2BA2CFBE00693291 /* I-Catch */,
				3E1830F02BA2CFC200693291 /* I-CatchTests */,
				3E1830FA2BA2CFC200693291 /* I-CatchUITests */,
				3E1830DE2BA2CFBE00693291 /* Products */,
			);
			sourceTree = "<group>";
		};
		3E1830DE2BA2CFBE00693291 /* Products */ = {
			isa = PBXGroup;
			children = (
				3E1830DD2BA2CFBE00693291 /* I-Catch.app */,
				3E1830ED2BA2CFC200693291 /* I-CatchTests.xctest */,
				3E1830F72BA2CFC200693291 /* I-CatchUITests.xctest */,
			);
			name = Products;
			sourceTree = "<group>";
		};
		3E1830DF2BA2CFBE00693291 /* I-Catch */ = {
			isa = PBXGroup;
			children = (
				3E1830E02BA2CFBE00693291 /* I_CatchApp.swift */,
				3E1830E22BA2CFBE00693291 /* ContentView.swift */,
				3E1830E42BA2CFC200693291 /* Assets.xcassets */,
				3E1830E62BA2CFC200693291 /* Preview Content */,
			);
			path = "I-Catch";
			sourceTree = "<group>";
		};
		3E1830E62BA2CFC200693291 /* Preview Content */ = {
			isa = PBXGroup;
			children = (
				3E1830E72BA2CFC200693291 /* Preview Assets.xcassets */,
			);
			path = "Preview Content";
			sourceTree = "<group>";
		};
		3E1830F02BA2CFC200693291 /* I-CatchTests */ = {
			isa = PBXGroup;
			children = (
				3E1830F12BA2CFC200693291 /* I_CatchTests.swift */,
			);
			path = "I-CatchTests";
			sourceTree = "<group>";
		};
		3E1830FA2BA2CFC200693291 /* I-CatchUITests */ = {
			isa = PBXGroup;
			children = (
				3E1830FB2BA2CFC200693291 /* I_CatchUITests.swift */,
				3E1830FD2BA2CFC200693291 /* I_CatchUITestsLaunchTests.swift */,
			);
			path = "I-CatchUITests";
			sourceTree = "<group>";
		};
/* End PBXGroup section */

/* Begin PBXNativeTarget section */
		3E1830DC2BA2CFBE00693291 /* I-Catch */ = {
			isa = PBXNativeTarget;
			buildConfigurationList = 3E1831012BA2CFC200693291 /* Build configuration list for PBXNativeTarget "I-Catch" */;
			buildPhases = (
				3E1830D92BA2CFBE00693291 /* Sources */,
				3E1830DA2BA2CFBE00693291 /* Frameworks */,
				3E1830DB2BA2CFBE00693291 /* Resources */,
			);
			buildRules = (
			);
			dependencies = (
			);
			name = "I-Catch";
			productName = "I-Catch";
			productReference = 3E1830DD2BA2CFBE00693291 /* I-Catch.app */;
			productType = "com.apple.product-type.application";
		};
		3E1830EC2BA2CFC200693291 /* I-CatchTests */ = {
			isa = PBXNativeTarget;
			buildConfigurationList = 3E1831042BA2CFC200693291 /* Build configuration list for PBXNativeTarget "I-CatchTests" */;
			buildPhases = (
				3E1830E92BA2CFC200693291 /* Sources */,
				3E1830EA2BA2CFC200693291 /* Frameworks */,
				3E1830EB2BA2CFC200693291 /* Resources */,
			);
			buildRules = (
			);
			dependencies = (
				3E1830EF2BA2CFC200693291 /* PBXTargetDependency */,
			);
			name = "I-CatchTests";
			productName = "I-CatchTests";
			productReference = 3E1830ED2BA2CFC200693291 /* I-CatchTests.xctest */;
			productType = "com.apple.product-type.bundle.unit-test";
		};
		3E1830F62BA2CFC200693291 /* I-CatchUITests */ = {
			isa = PBXNativeTarget;
			buildConfigurationList = 3E1831072BA2CFC200693291 /* Build configuration list for PBXNativeTarget "I-CatchUITests" */;
			buildPhases = (
				3E1830F32BA2CFC200693291 /* Sources */,
				3E1830F42BA2CFC200693291 /* Frameworks */,
				3E1830F52BA2CFC200693291 /* Resources */,
			);
			buildRules = (
			);
			dependencies = (
				3E1830F92BA2CFC200693291 /* PBXTargetDependency */,
			);
			name = "I-CatchUITests";
			productName = "I-CatchUITests";
			productReference = 3E1830F72BA2CFC200693291 /* I-CatchUITests.xctest */;
			productType = "com.apple.product-type.bundle.ui-testing";
		};
/* End PBXNativeTarget section */

/* Begin PBXProject section */
		3E1830D52BA2CFBE00693291 /* Project object */ = {
			isa = PBXProject;
			attributes = {
				BuildIndependentTargetsInParallel = 1;
				LastSwiftUpdateCheck = 1530;
				LastUpgradeCheck = 1530;
				TargetAttributes = {
					3E1830DC2BA2CFBE00693291 = {
						CreatedOnToolsVersion = 15.3;
					};
					3E1830EC2BA2CFC200693291 = {
						CreatedOnToolsVersion = 15.3;
						TestTargetID = 3E1830DC2BA2CFBE00693291;
					};
					3E1830F62BA2CFC200693291 = {
						CreatedOnToolsVersion = 15.3;
						TestTargetID = 3E1830DC2BA2CFBE00693291;
					};
				};
			};
			buildConfigurationList = 3E1830D82BA2CFBE00693291 /* Build configuration list for PBXProject "I-Catch" */;
			compatibilityVersion = "Xcode 14.0";
			developmentRegion = en;
			hasScannedForEncodings = 0;
			knownRegions = (
				en,
				Base,
			);
			mainGroup = 3E1830D42BA2CFBE00693291;
			productRefGroup = 3E1830DE2BA2CFBE00693291 /* Products */;
			projectDirPath = "";
			projectRoot = "";
			targets = (
				3E1830DC2BA2CFBE00693291 /* I-Catch */,
				3E1830EC2BA2CFC200693291 /* I-CatchTests */,
				3E1830F62BA2CFC200693291 /* I-CatchUITests */,
			);
		};
/* End PBXProject section */

/* Begin PBXResourcesBuildPhase section */
		3E1830DB2BA2CFBE00693291 /* Resources */ = {
			isa = PBXResourcesBuildPhase;
			buildActionMask = 2147483647;
			files = (
				3E1830E82BA2CFC200693291 /* Preview Assets.xcassets in Resources */,
				3E1830E52BA2CFC200693291 /* Assets.xcassets in Resources */,
			);
			runOnlyForDeploymentPostprocessing = 0;
		};
		3E1830EB2BA2CFC200693291 /* Resources */ = {
			isa = PBXResourcesBuildPhase;
			buildActionMask = 2147483647;
			files = (
			);
			runOnlyForDeploymentPostprocessing = 0;
		};
		3E1830F52BA2CFC200693291 /* Resources */ = {
			isa = PBXResourcesBuildPhase;
			buildActionMask = 2147483647;
			files = (
			);
			runOnlyForDeploymentPostprocessing = 0;
		};
/* End PBXResourcesBuildPhase section */

/* Begin PBXSourcesBuildPhase section */
		3E1830D92BA2CFBE00693291 /* Sources */ = {
			isa = PBXSourcesBuildPhase;
			buildActionMask = 2147483647;
			files = (
				3E1830E32BA2CFBE00693291 /* ContentView.swift in Sources */,
				3E1830E12BA2CFBE00693291 /* I_CatchApp.swift in Sources */,
			);
			runOnlyForDeploymentPostprocessing = 0;
		};
		3E1830E92BA2CFC200693291 /* Sources */ = {
			isa = PBXSourcesBuildPhase;
			buildActionMask = 2147483647;
			files = (
				3E1830F22BA2CFC200693291 /* I_CatchTests.swift in Sources */,
			);
			runOnlyForDeploymentPostprocessing = 0;
		};
		3E1830F32BA2CFC200693291 /* Sources */ = {
			isa = PBXSourcesBuildPhase;
			buildActionMask = 2147483647;
			files = (
				3E1830FE2BA2CFC200693291 /* I_CatchUITestsLaunchTests.swift in Sources */,
				3E1830FC2BA2CFC200693291 /* I_CatchUITests.swift in Sources */,
			);
			runOnlyForDeploymentPostprocessing = 0;
		};
/* End PBXSourcesBuildPhase section */

/* Begin PBXTargetDependency section */
		3E1830EF2BA2CFC200693291 /* PBXTargetDependency */ = {
			isa = PBXTargetDependency;
			target = 3E1830DC2BA2CFBE00693291 /* I-Catch */;
			targetProxy = 3E1830EE2BA2CFC200693291 /* PBXContainerItemProxy */;
		};
		3E1830F92BA2CFC200693291 /* PBXTargetDependency */ = {
			isa = PBXTargetDependency;
			target = 3E1830DC2BA2CFBE00693291 /* I-Catch */;
			targetProxy = 3E1830F82BA2CFC200693291 /* PBXContainerItemProxy */;
		};
/* End PBXTargetDependency section */

/* Begin XCBuildConfiguration section */
		3E1830FF2BA2CFC200693291 /* Debug */ = {
			isa = XCBuildConfiguration;
			buildSettings = {
				ALWAYS_SEARCH_USER_PATHS = NO;
				ASSETCATALOG_COMPILER_GENERATE_SWIFT_ASSET_SYMBOL_EXTENSIONS = YES;
				CLANG_ANALYZER_NONNULL = YES;
				CLANG_ANALYZER_NUMBER_OBJECT_CONVERSION = YES_AGGRESSIVE;
				CLANG_CXX_LANGUAGE_STANDARD = "gnu++20";
				CLANG_ENABLE_MODULES = YES;
				CLANG_ENABLE_OBJC_ARC = YES;
				CLANG_ENABLE_OBJC_WEAK = YES;
				CLANG_WARN_BLOCK_CAPTURE_AUTORELEASING = YES;
				CLANG_WARN_BOOL_CONVERSION = YES;
				CLANG_WARN_COMMA = YES;
				CLANG_WARN_CONSTANT_CONVERSION = YES;
				CLANG_WARN_DEPRECATED_OBJC_IMPLEMENTATIONS = YES;
				CLANG_WARN_DIRECT_OBJC_ISA_USAGE = YES_ERROR;
				CLANG_WARN_DOCUMENTATION_COMMENTS = YES;
				CLANG_WARN_EMPTY_BODY = YES;
				CLANG_WARN_ENUM_CONVERSION = YES;
				CLANG_WARN_INFINITE_RECURSION = YES;
				CLANG_WARN_INT_CONVERSION = YES;
				CLANG_WARN_NON_LITERAL_NULL_CONVERSION = YES;
				CLANG_WARN_OBJC_IMPLICIT_RETAIN_SELF = YES;
				CLANG_WARN_OBJC_LITERAL_CONVERSION = YES;
				CLANG_WARN_OBJC_ROOT_CLASS = YES_ERROR;
				CLANG_WARN_QUOTED_INCLUDE_IN_FRAMEWORK_HEADER = YES;
				CLANG_WARN_RANGE_LOOP_ANALYSIS = YES;
				CLANG_WARN_STRICT_PROTOTYPES = YES;
				CLANG_WARN_SUSPICIOUS_MOVE = YES;
				CLANG_WARN_UNGUARDED_AVAILABILITY = YES_AGGRESSIVE;
				CLANG_WARN_UNREACHABLE_CODE = YES;
				CLANG_WARN__DUPLICATE_METHOD_MATCH = YES;
				COPY_PHASE_STRIP = NO;
				DEBUG_INFORMATION_FORMAT = dwarf;
				ENABLE_STRICT_OBJC_MSGSEND = YES;
				ENABLE_TESTABILITY = YES;
				ENABLE_USER_SCRIPT_SANDBOXING = YES;
				GCC_C_LANGUAGE_STANDARD = gnu17;
				GCC_DYNAMIC_NO_PIC = NO;
				GCC_NO_COMMON_BLOCKS = YES;
				GCC_OPTIMIZATION_LEVEL = 0;
				GCC_PREPROCESSOR_DEFINITIONS = (
					"DEBUG=1",
					"$(inherited)",
				);
				GCC_WARN_64_TO_32_BIT_CONVERSION = YES;
				GCC_WARN_ABOUT_RETURN_TYPE = YES_ERROR;
				GCC_WARN_UNDECLARED_SELECTOR = YES;
				GCC_WARN_UNINITIALIZED_AUTOS = YES_AGGRESSIVE;
				GCC_WARN_UNUSED_FUNCTION = YES;
				GCC_WARN_UNUSED_VARIABLE = YES;
				IPHONEOS_DEPLOYMENT_TARGET = 17.4;
				LOCALIZATION_PREFERS_STRING_CATALOGS = YES;
				MTL_ENABLE_DEBUG_INFO = INCLUDE_SOURCE;
				MTL_FAST_MATH = YES;
				ONLY_ACTIVE_ARCH = YES;
				SDKROOT = iphoneos;
				SWIFT_ACTIVE_COMPILATION_CONDITIONS = "DEBUG $(inherited)";
				SWIFT_OPTIMIZATION_LEVEL = "-Onone";
			};
			name = Debug;
		};
		3E1831002BA2CFC200693291 /* Release */ = {
			isa = XCBuildConfiguration;
			buildSettings = {
				ALWAYS_SEARCH_USER_PATHS = NO;
				ASSETCATALOG_COMPILER_GENERATE_SWIFT_ASSET_SYMBOL_EXTENSIONS = YES;
				CLANG_ANALYZER_NONNULL = YES;
				CLANG_ANALYZER_NUMBER_OBJECT_CONVERSION = YES_AGGRESSIVE;
				CLANG_CXX_LANGUAGE_STANDARD = "gnu++20";
				CLANG_ENABLE_MODULES = YES;
				CLANG_ENABLE_OBJC_ARC = YES;
				CLANG_ENABLE_OBJC_WEAK = YES;
				CLANG_WARN_BLOCK_CAPTURE_AUTORELEASING = YES;
				CLANG_WARN_BOOL_CONVERSION = YES;
				CLANG_WARN_COMMA = YES;
				CLANG_WARN_CONSTANT_CONVERSION = YES;
				CLANG_WARN_DEPRECATED_OBJC_IMPLEMENTATIONS = YES;
				CLANG_WARN_DIRECT_OBJC_ISA_USAGE = YES_ERROR;
				CLANG_WARN_DOCUMENTATION_COMMENTS = YES;
				CLANG_WARN_EMPTY_BODY = YES;
				CLANG_WARN_ENUM_CONVERSION = YES;
				CLANG_WARN_INFINITE_RECURSION = YES;
				CLANG_WARN_INT_CONVERSION = YES;
				CLANG_WARN_NON_LITERAL_NULL_CONVERSION = YES;
				CLANG_WARN_OBJC_IMPLICIT_RETAIN_SELF = YES;
				CLANG_WARN_OBJC_LITERAL_CONVERSION = YES;
				CLANG_WARN_OBJC_ROOT_CLASS = YES_ERROR;
				CLANG_WARN_QUOTED_INCLUDE_IN_FRAMEWORK_HEADER = YES;
				CLANG_WARN_RANGE_LOOP_ANALYSIS = YES;
				CLANG_WARN_STRICT_PROTOTYPES = YES;
				CLANG_WARN_SUSPICIOUS_MOVE = YES;
				CLANG_WARN_UNGUARDED_AVAILABILITY = YES_AGGRESSIVE;
				CLANG_WARN_UNREACHABLE_CODE = YES;
				CLANG_WARN__DUPLICATE_METHOD_MATCH = YES;
				COPY_PHASE_STRIP = NO;
				DEBUG_INFORMATION_FORMAT = "dwarf-with-dsym";
				ENABLE_NS_ASSERTIONS = NO;
				ENABLE_STRICT_OBJC_MSGSEND = YES;
				ENABLE_USER_SCRIPT_SANDBOXING = YES;
				GCC_C_LANGUAGE_STANDARD = gnu17;
				GCC_NO_COMMON_BLOCKS = YES;
				GCC_WARN_64_TO_32_BIT_CONVERSION = YES;
				GCC_WARN_ABOUT_RETURN_TYPE = YES_ERROR;
				GCC_WARN_UNDECLARED_SELECTOR = YES;
				GCC_WARN_UNINITIALIZED_AUTOS = YES_AGGRESSIVE;
				GCC_WARN_UNUSED_FUNCTION = YES;
				GCC_WARN_UNUSED_VARIABLE = YES;
				IPHONEOS_DEPLOYMENT_TARGET = 17.4;
				LOCALIZATION_PREFERS_STRING_CATALOGS = YES;
				MTL_ENABLE_DEBUG_INFO = NO;
				MTL_FAST_MATH = YES;
				SDKROOT = iphoneos;
				SWIFT_COMPILATION_MODE = wholemodule;
				VALIDATE_PRODUCT = YES;
			};
			name = Release;
		};
		3E1831022BA2CFC200693291 /* Debug */ = {
			isa = XCBuildConfiguration;
			buildSettings = {
				ASSETCATALOG_COMPILER_APPICON_NAME = AppIcon;
				ASSETCATALOG_COMPILER_GLOBAL_ACCENT_COLOR_NAME = AccentColor;
				CODE_SIGN_STYLE = Automatic;
				CURRENT_PROJECT_VERSION = 1;
				DEVELOPMENT_ASSET_PATHS = "\"I-Catch/Preview Content\"";
				DEVELOPMENT_TEAM = GZMCL5Q7N2;
				ENABLE_PREVIEWS = YES;
				GENERATE_INFOPLIST_FILE = YES;
				INFOPLIST_KEY_UIApplicationSceneManifest_Generation = YES;
				INFOPLIST_KEY_UIApplicationSupportsIndirectInputEvents = YES;
				INFOPLIST_KEY_UILaunchScreen_Generation = YES;
				INFOPLIST_KEY_UISupportedInterfaceOrientations_iPad = "UIInterfaceOrientationPortrait UIInterfaceOrientationPortraitUpsideDown UIInterfaceOrientationLandscapeLeft UIInterfaceOrientationLandscapeRight";
				INFOPLIST_KEY_UISupportedInterfaceOrientations_iPhone = "UIInterfaceOrientationPortrait UIInterfaceOrientationLandscapeLeft UIInterfaceOrientationLandscapeRight";
				LD_RUNPATH_SEARCH_PATHS = (
					"$(inherited)",
					"@executable_path/Frameworks",
				);
				MARKETING_VERSION = 1.0;
				PRODUCT_BUNDLE_IDENTIFIER = "com.bokyung.I-Catch";
				PRODUCT_NAME = "$(TARGET_NAME)";
				SWIFT_EMIT_LOC_STRINGS = YES;
				SWIFT_VERSION = 5.0;
				TARGETED_DEVICE_FAMILY = "1,2";
			};
			name = Debug;
		};
		3E1831032BA2CFC200693291 /* Release */ = {
			isa = XCBuildConfiguration;
			buildSettings = {
				ASSETCATALOG_COMPILER_APPICON_NAME = AppIcon;
				ASSETCATALOG_COMPILER_GLOBAL_ACCENT_COLOR_NAME = AccentColor;
				CODE_SIGN_STYLE = Automatic;
				CURRENT_PROJECT_VERSION = 1;
				DEVELOPMENT_ASSET_PATHS = "\"I-Catch/Preview Content\"";
				DEVELOPMENT_TEAM = GZMCL5Q7N2;
				ENABLE_PREVIEWS = YES;
				GENERATE_INFOPLIST_FILE = YES;
				INFOPLIST_KEY_UIApplicationSceneManifest_Generation = YES;
				INFOPLIST_KEY_UIApplicationSupportsIndirectInputEvents = YES;
				INFOPLIST_KEY_UILaunchScreen_Generation = YES;
				INFOPLIST_KEY_UISupportedInterfaceOrientations_iPad = "UIInterfaceOrientationPortrait UIInterfaceOrientationPortraitUpsideDown UIInterfaceOrientationLandscapeLeft UIInterfaceOrientationLandscapeRight";
				INFOPLIST_KEY_UISupportedInterfaceOrientations_iPhone = "UIInterfaceOrientationPortrait UIInterfaceOrientationLandscapeLeft UIInterfaceOrientationLandscapeRight";
				LD_RUNPATH_SEARCH_PATHS = (
					"$(inherited)",
					"@executable_path/Frameworks",
				);
				MARKETING_VERSION = 1.0;
				PRODUCT_BUNDLE_IDENTIFIER = "com.bokyung.I-Catch";
				PRODUCT_NAME = "$(TARGET_NAME)";
				SWIFT_EMIT_LOC_STRINGS = YES;
				SWIFT_VERSION = 5.0;
				TARGETED_DEVICE_FAMILY = "1,2";
			};
			name = Release;
		};
		3E1831052BA2CFC200693291 /* Debug */ = {
			isa = XCBuildConfiguration;
			buildSettings = {
				ALWAYS_EMBED_SWIFT_STANDARD_LIBRARIES = YES;
				BUNDLE_LOADER = "$(TEST_HOST)";
				CODE_SIGN_STYLE = Automatic;
				CURRENT_PROJECT_VERSION = 1;
				DEVELOPMENT_TEAM = GZMCL5Q7N2;
				GENERATE_INFOPLIST_FILE = YES;
				IPHONEOS_DEPLOYMENT_TARGET = 17.4;
				MARKETING_VERSION = 1.0;
				PRODUCT_BUNDLE_IDENTIFIER = "com.bokyung.I-CatchTests";
				PRODUCT_NAME = "$(TARGET_NAME)";
				SWIFT_EMIT_LOC_STRINGS = NO;
				SWIFT_VERSION = 5.0;
				TARGETED_DEVICE_FAMILY = "1,2";
				TEST_HOST = "$(BUILT_PRODUCTS_DIR)/I-Catch.app/$(BUNDLE_EXECUTABLE_FOLDER_PATH)/I-Catch";
			};
			name = Debug;
		};
		3E1831062BA2CFC200693291 /* Release */ = {
			isa = XCBuildConfiguration;
			buildSettings = {
				ALWAYS_EMBED_SWIFT_STANDARD_LIBRARIES = YES;
				BUNDLE_LOADER = "$(TEST_HOST)";
				CODE_SIGN_STYLE = Automatic;
				CURRENT_PROJECT_VERSION = 1;
				DEVELOPMENT_TEAM = GZMCL5Q7N2;
				GENERATE_INFOPLIST_FILE = YES;
				IPHONEOS_DEPLOYMENT_TARGET = 17.4;
				MARKETING_VERSION = 1.0;
				PRODUCT_BUNDLE_IDENTIFIER = "com.bokyung.I-CatchTests";
				PRODUCT_NAME = "$(TARGET_NAME)";
				SWIFT_EMIT_LOC_STRINGS = NO;
				SWIFT_VERSION = 5.0;
				TARGETED_DEVICE_FAMILY = "1,2";
				TEST_HOST = "$(BUILT_PRODUCTS_DIR)/I-Catch.app/$(BUNDLE_EXECUTABLE_FOLDER_PATH)/I-Catch";
			};
			name = Release;
		};
		3E1831082BA2CFC200693291 /* Debug */ = {
			isa = XCBuildConfiguration;
			buildSettings = {
				ALWAYS_EMBED_SWIFT_STANDARD_LIBRARIES = YES;
				CODE_SIGN_STYLE = Automatic;
				CURRENT_PROJECT_VERSION = 1;
				DEVELOPMENT_TEAM = GZMCL5Q7N2;
				GENERATE_INFOPLIST_FILE = YES;
				MARKETING_VERSION = 1.0;
				PRODUCT_BUNDLE_IDENTIFIER = "com.bokyung.I-CatchUITests";
				PRODUCT_NAME = "$(TARGET_NAME)";
				SWIFT_EMIT_LOC_STRINGS = NO;
				SWIFT_VERSION = 5.0;
				TARGETED_DEVICE_FAMILY = "1,2";
				TEST_TARGET_NAME = "I-Catch";
			};
			name = Debug;
		};
		3E1831092BA2CFC200693291 /* Release */ = {
			isa = XCBuildConfiguration;
			buildSettings = {
				ALWAYS_EMBED_SWIFT_STANDARD_LIBRARIES = YES;
				CODE_SIGN_STYLE = Automatic;
				CURRENT_PROJECT_VERSION = 1;
				DEVELOPMENT_TEAM = GZMCL5Q7N2;
				GENERATE_INFOPLIST_FILE = YES;
				MARKETING_VERSION = 1.0;
				PRODUCT_BUNDLE_IDENTIFIER = "com.bokyung.I-CatchUITests";
				PRODUCT_NAME = "$(TARGET_NAME)";
				SWIFT_EMIT_LOC_STRINGS = NO;
				SWIFT_VERSION = 5.0;
				TARGETED_DEVICE_FAMILY = "1,2";
				TEST_TARGET_NAME = "I-Catch";
			};
			name = Release;
		};
/* End XCBuildConfiguration section */

/* Begin XCConfigurationList section */
		3E1830D82BA2CFBE00693291 /* Build configuration list for PBXProject "I-Catch" */ = {
			isa = XCConfigurationList;
			buildConfigurations = (
				3E1830FF2BA2CFC200693291 /* Debug */,
				3E1831002BA2CFC200693291 /* Release */,
			);
			defaultConfigurationIsVisible = 0;
			defaultConfigurationName = Release;
		};
		3E1831012BA2CFC200693291 /* Build configuration list for PBXNativeTarget "I-Catch" */ = {
			isa = XCConfigurationList;
			buildConfigurations = (
				3E1831022BA2CFC200693291 /* Debug */,
				3E1831032BA2CFC200693291 /* Release */,
			);
			defaultConfigurationIsVisible = 0;
			defaultConfigurationName = Release;
		};
		3E1831042BA2CFC200693291 /* Build configuration list for PBXNativeTarget "I-CatchTests" */ = {
			isa = XCConfigurationList;
			buildConfigurations = (
				3E1831052BA2CFC200693291 /* Debug */,
				3E1831062BA2CFC200693291 /* Release */,
			);
			defaultConfigurationIsVisible = 0;
			defaultConfigurationName = Release;
		};
		3E1831072BA2CFC200693291 /* Build configuration list for PBXNativeTarget "I-CatchUITests" */ = {
			isa = XCConfigurationList;
			buildConfigurations = (
				3E1831082BA2CFC200693291 /* Debug */,
				3E1831092BA2CFC200693291 /* Release */,
			);
			defaultConfigurationIsVisible = 0;
			defaultConfigurationName = Release;
		};
/* End XCConfigurationList section */
	};
	rootObject = 3E1830D52BA2CFBE00693291 /* Project object */;
}
